
Microsoft Visual Studio Solution File, Format Version 12.00
# Visual Studio Version 17
VisualStudioVersion = 17.3.32929.385
MinimumVisualStudioVersion = 10.0.40219.1
Project("{FAE04EC0-301F-11D3-BF4B-00C04F79EFBC}") = "Painter", "Painter\Painter.csproj", "{B9F5BF36-206C-4480-9DE0-0CD0E526C42C}"
EndProject
Global
	GlobalSection(SolutionConfigurationPlatforms) = preSolution
		Debug|Any CPU = Debug|Any CPU
		Release|Any CPU = Release|Any CPU
	EndGlobalSection
	GlobalSection(ProjectConfigurationPlatforms) = postSolution
		{B9F5BF36-206C-4480-9DE0-0CD0E526C42C}.Debug|Any CPU.ActiveCfg = Debug|Any CPU
		{B9F5BF36-206C-4480-9DE0-0CD0E526C42C}.Debug|Any CPU.Build.0 = Debug|Any CPU
		{B9F5BF36-206C-4480-9DE0-0CD0E526C42C}.Release|Any CPU.ActiveCfg = Release|Any CPU
		{B9F5BF36-206C-4480-9DE0-0CD0E526C42C}.Release|Any CPU.Build.0 = Release|Any CPU
	EndGlobalSection
	GlobalSection(SolutionProperties) = preSolution
		HideSolutionNode = FALSE
	EndGlobalSection
	GlobalSection(ExtensibilityGlobals) = postSolution
		SolutionGuid = {8950AB30-AA4C-4F01-A95C-F6C8706DEACA}
	EndGlobalSection
EndGlobal
